{
  "name": "nodobjc",
  "version": "2.1.0",
  "lockfileVersion": 1,
  "requires": true,
  "dependencies": {
    "bindings": {
      "version": "1.5.0",
      "resolved": "https://registry.npmjs.org/bindings/-/bindings-1.5.0.tgz",
      "integrity": "sha512-p2q/t/mhvuOj/UeLlV6566GD/guowlr0hHxClI0W9m7MWYkL1F0hLo+0Aexs9HSPCtR1SXQ0TD3MMKrXZajbiQ==",
      "requires": {
        "file-uri-to-path": "1.0.0"
      }
    },
    "d": {
      "version": "1.0.1",
      "resolved": "https://registry.npmjs.org/d/-/d-1.0.1.tgz",
      "integrity": "sha512-m62ShEObQ39CfralilEQRjH6oAMtNCV1xJyEx5LpRYUVN+EviphDgUc/F3hnYbADmkiNs67Y+3ylmlG7Lnu+FA==",
      "requires": {
        "es5-ext": "^0.10.50",
        "type": "^1.0.1"
      }
    },
    "debug": {
      "version": "4.1.1",
      "resolved": "https://registry.npmjs.org/debug/-/debug-4.1.1.tgz",
      "integrity": "sha512-pYAIzeRo8J6KPEaJ0VWOh5Pzkbw/RetuzehGM7QRRX5he4fPHx2rdKMB256ehJCkX+XRQm16eZLqLNS8RSZXZw==",
      "requires": {
        "ms": "^2.1.1"
      }
    },
    "es5-ext": {
      "version": "0.10.53",
      "resolved": "https://registry.npmjs.org/es5-ext/-/es5-ext-0.10.53.tgz",
      "integrity": "sha512-Xs2Stw6NiNHWypzRTY1MtaG/uJlwCk8kH81920ma8mvN8Xq1gsfhZvpkImLQArw8AHnv8MT2I45J3c0R8slE+Q==",
      "requires": {
        "es6-iterator": "~2.0.3",
        "es6-symbol": "~3.1.3",
        "next-tick": "~1.0.0"
      }
    },
    "es6-iterator": {
      "version": "2.0.3",
      "resolved": "https://registry.npmjs.org/es6-iterator/-/es6-iterator-2.0.3.tgz",
      "integrity": "sha1-p96IkUGgWpSwhUQDstCg+/qY87c=",
      "requires": {
        "d": "1",
        "es5-ext": "^0.10.35",
        "es6-symbol": "^3.1.1"
      }
    },
    "es6-symbol": {
      "version": "3.1.3",
      "resolved": "https://registry.npmjs.org/es6-symbol/-/es6-symbol-3.1.3.tgz",
      "integrity": "sha512-NJ6Yn3FuDinBaBRWl/q5X/s4koRHBrgKAu+yGI6JCBeiu3qrcbJhwT2GeR/EXVfylRk8dpQVJoLEFhK+Mu31NA==",
      "requires": {
        "d": "^1.0.1",
        "ext": "^1.1.2"
      }
    },
    "ext": {
      "version": "1.4.0",
      "resolved": "https://registry.npmjs.org/ext/-/ext-1.4.0.tgz",
      "integrity": "sha512-Key5NIsUxdqKg3vIsdw9dSuXpPCQ297y6wBjL30edxwPgt2E44WcWBZey/ZvUc6sERLTxKdyCu4gZFmUbk1Q7A==",
      "requires": {
        "type": "^2.0.0"
      },
      "dependencies": {
        "type": {
          "version": "2.0.0",
          "resolved": "https://registry.npmjs.org/type/-/type-2.0.0.tgz",
          "integrity": "sha512-KBt58xCHry4Cejnc2ISQAF7QY+ORngsWfxezO68+12hKV6lQY8P/psIkcbjeHWn7MqcgciWJyCCevFMJdIXpow=="
        }
      }
    },
    "ffi": {
      "version": "github:lxe/node-ffi#f841a7e11995b61feae38f16e61f25c5a39ecb7e",
      "from": "github:lxe/node-ffi#node-12",
      "requires": {
        "bindings": "~1.5.0",
        "debug": "4",
        "nan": "^2.13.2",
        "ref": "github:lxe/ref#node-12",
        "ref-struct": "github:lxe/ref-struct#node-12"
      },
      "dependencies": {
        "ref": {
          "version": "github:lxe/ref#9379bf23a9ff9a628e989c2fb0b89cd8f3a2e116",
          "from": "github:lxe/ref#node-12",
          "requires": {
            "bindings": "1",
            "debug": "4",
            "nan": "2"
          }
        }
      }
    },
    "file-uri-to-path": {
      "version": "1.0.0",
      "resolved": "https://registry.npmjs.org/file-uri-to-path/-/file-uri-to-path-1.0.0.tgz",
      "integrity": "sha512-0Zt+s3L7Vf1biwWZ29aARiVYLx7iMGnEUl9x33fbB/j3jR81u/O2LbqK+Bm1CDSNDKVtJ/YjwY7TUd5SkeLQLw=="
    },
    "function-class": {
      "version": "github:ammora-team/node-function-class#686d1ad4971a38fb2c115db95562f38d29b63733",
      "from": "github:ammora-team/node-function-class#node-12",
      "requires": {
        "es6-symbol": "^3.0.2",
        "setprototypeof": "^1.0.0"
      }
    },
    "get-symbol-from-current-process-h": {
      "version": "1.0.2",
      "resolved": "https://registry.npmjs.org/get-symbol-from-current-process-h/-/get-symbol-from-current-process-h-1.0.2.tgz",
      "integrity": "sha512-syloC6fsCt62ELLrr1VKBM1ggOpMdetX9hTrdW77UQdcApPHLmf7CI7OKcN1c9kYuNxKcDe4iJ4FY9sX3aw2xw=="
    },
    "ms": {
      "version": "2.1.2",
      "resolved": "https://registry.npmjs.org/ms/-/ms-2.1.2.tgz",
      "integrity": "sha512-sGkPx+VjMtmA6MX27oA4FBFELFCZZ4S4XqeGOXCv68tT+jb3vk/RyaKWP0PTKyWtmLSM0b+adUTEvbs1PEaH2w=="
    },
    "nan": {
      "version": "2.14.1",
      "resolved": "https://registry.npmjs.org/nan/-/nan-2.14.1.tgz",
      "integrity": "sha512-isWHgVjnFjh2x2yuJ/tj3JbwoHu3UC2dX5G/88Cm24yB6YopVgxvBObDY7n5xW6ExmFhJpSEQqFPvq9zaXc8Jw=="
    },
    "next-tick": {
      "version": "1.0.0",
      "resolved": "https://registry.npmjs.org/next-tick/-/next-tick-1.0.0.tgz",
      "integrity": "sha1-yobR/ogoFpsBICCOPchCS524NCw="
    },
    "node-addon-api": {
      "version": "2.0.0",
      "resolved": "https://registry.npmjs.org/node-addon-api/-/node-addon-api-2.0.0.tgz",
      "integrity": "sha512-ASCL5U13as7HhOExbT6OlWJJUV/lLzL2voOSP1UVehpRD8FbSrSDjfScK/KwAvVTI5AS6r4VwbOMlIqtvRidnA=="
    },
    "node-gyp-build": {
      "version": "4.2.2",
      "resolved": "https://registry.npmjs.org/node-gyp-build/-/node-gyp-build-4.2.2.tgz",
      "integrity": "sha512-Lqh7mrByWCM8Cf9UPqpeoVBBo5Ugx+RKu885GAzmLBVYjeywScxHXPGLa4JfYNZmcNGwzR0Glu5/9GaQZMFqyA=="
    },
    "ref-napi": {
      "version": "2.0.0",
      "resolved": "https://registry.npmjs.org/ref-napi/-/ref-napi-2.0.0.tgz",
      "integrity": "sha512-OTxXox5cUZ28++UP84bChLiRf/omC5Kok/NAZxHrx93zb+1Sb7pZZYtA2mcMa1044b3HdKsUT+rJQRO/CSiUYg==",
      "requires": {
        "debug": "^4.1.1",
        "get-symbol-from-current-process-h": "^1.0.2",
        "node-addon-api": "^2.0.0",
        "node-gyp-build": "^4.2.1"
      }
    },
    "ref-struct": {
      "version": "github:lxe/ref-struct#60d0ed18fb968860c06e14248ba92d22b22ae55b",
      "from": "github:lxe/ref-struct#node-12",
      "requires": {
        "debug": "4",
        "ref": "github:lxe/ref#node-12"
      },
      "dependencies": {
        "ref": {
          "version": "github:lxe/ref#9379bf23a9ff9a628e989c2fb0b89cd8f3a2e116",
          "from": "github:lxe/ref#node-12",
          "requires": {
            "bindings": "1",
            "debug": "4",
            "nan": "2"
          }
        }
      }
    },
    "setprototypeof": {
      "version": "1.2.0",
      "resolved": "https://registry.npmjs.org/setprototypeof/-/setprototypeof-1.2.0.tgz",
      "integrity": "sha512-E5LDX7Wrp85Kil5bhZv46j8jOeboKq5JMmYM3gVGdGH8xFpPWXUMsNrlODCrkoxMEeNi/XZIwuRvY4XNwYMJpw=="
    },
    "type": {
      "version": "1.2.0",
      "resolved": "https://registry.npmjs.org/type/-/type-1.2.0.tgz",
      "integrity": "sha512-+5nt5AAniqsCnu2cEQQdpzCAh33kVx8n0VoFidKpB1dVVLAN/F+bgVOqOJqOnEnrhp222clB5p3vUlD+1QAnfg=="
    }
  }
}
